# This file is automatically @generated by Cargo.
# It is not intended for manual editing.
version = 4

[[package]]
name = "synergismforkd_api"
version = "0.1.0"
dependencies = [
 "synergismforkd_common",
 "synergismforkd_logic",
 "synergismforkd_save",
]

[[package]]
name = "synergismforkd_audio"
version = "0.1.0"

[[package]]
name = "synergismforkd_bignum"
version = "0.1.0"

[[package]]
name = "synergismforkd_common"
version = "0.1.0"

[[package]]
name = "synergismforkd_logic"
version = "0.1.0"
dependencies = [
 "synergismforkd_bignum",
 "synergismforkd_common",
]

[[package]]
name = "synergismforkd_modding"
version = "0.1.0"

[[package]]
name = "synergismforkd_netcode"
version = "0.1.0"

[[package]]
name = "synergismforkd_save"
version = "0.1.0"
dependencies = [
 "synergismforkd_common",
 "synergismforkd_logic",
]

[[package]]
name = "synergismforkd_testkit"
version = "0.1.0"
dependencies = [
 "synergismforkd_bignum",
 "synergismforkd_logic",
 "synergismforkd_save",
]

[[package]]
name = "synergismforkd_ui"
version = "0.1.0"
dependencies = [
 "synergismforkd_common",
 "synergismforkd_logic",
]

[[package]]
name = "synergismforkd_ui_desktop"
version = "0.1.0"
dependencies = [
 "synergismforkd_logic",
 "synergismforkd_save",
 "synergismforkd_ui",
]

[[package]]
name = "synergismforkd_ui_web"
version = "0.1.0"
dependencies = [
 "synergismforkd_ui",
]
