# This file is automatically @generated by Cargo.
# It is not intended for manual editing.
version = 4

[[package]]
name = "autocfg"
version = "1.5.1"
source = "registry+https://github.com/rust-lang/crates.io-index"
checksum = "f2032f911046de80f0a198e0901378627c33f59ea0ac00e363d481118bd70a53"

[[package]]
name = "break-eternity-rs"
version = "0.1.0"
source = "registry+https://github.com/rust-lang/crates.io-index"
checksum = "db8760f719118506e38355579c6b12ea74b5ae35760a3bd4acce7648aed7f6f2"
dependencies = [
 "custom_error",
 "lazy_static",
 "num-derive",
 "num-traits",
 "pad",
]

[[package]]
name = "custom_error"
version = "1.9.2"
source = "registry+https://github.com/rust-lang/crates.io-index"
checksum = "4f8a51dd197fa6ba5b4dc98a990a43cc13693c23eb0089ebb0fcc1f04152bca6"

[[package]]
name = "lazy_static"
version = "1.5.0"
source = "registry+https://github.com/rust-lang/crates.io-index"
checksum = "bbd2bcb4c963f2ddae06a2efc7e9f3591312473c50c6685e1f298068316e66fe"

[[package]]
name = "num-derive"
version = "0.4.2"
source = "registry+https://github.com/rust-lang/crates.io-index"
checksum = "ed3955f1a9c7c0c15e092f9c887db08b1fc683305fdf6eb6684f22555355e202"
dependencies = [
 "proc-macro2",
 "quote",
 "syn",
]

[[package]]
name = "num-traits"
version = "0.2.19"
source = "registry+https://github.com/rust-lang/crates.io-index"
checksum = "071dfc062690e90b734c0b2273ce72ad0ffa95f0c74596bc250dcfd960262841"
dependencies = [
 "autocfg",
]

[[package]]
name = "pad"
version = "0.1.6"
source = "registry+https://github.com/rust-lang/crates.io-index"
checksum = "d2ad9b889f1b12e0b9ee24db044b5129150d5eada288edc800f789928dc8c0e3"
dependencies = [
 "unicode-width",
]

[[package]]
name = "proc-macro2"
version = "1.0.106"
source = "registry+https://github.com/rust-lang/crates.io-index"
checksum = "8fd00f0bb2e90d81d1044c2b32617f68fcb9fa3bb7640c23e9c748e53fb30934"
dependencies = [
 "unicode-ident",
]

[[package]]
name = "quote"
version = "1.0.45"
source = "registry+https://github.com/rust-lang/crates.io-index"
checksum = "41f2619966050689382d2b44f664f4bc593e129785a36d6ee376ddf37259b924"
dependencies = [
 "proc-macro2",
]

[[package]]
name = "syn"
version = "2.0.117"
source = "registry+https://github.com/rust-lang/crates.io-index"
checksum = "e665b8803e7b1d2a727f4023456bbbbe74da67099c585258af0ad9c5013b9b99"
dependencies = [
 "proc-macro2",
 "quote",
 "unicode-ident",
]

[[package]]
name = "synergismforkd_api"
version = "0.1.0"
dependencies = [
 "synergismforkd_common",
 "synergismforkd_logic",
 "synergismforkd_save",
]

[[package]]
name = "synergismforkd_audio"
version = "0.1.0"

[[package]]
name = "synergismforkd_bignum"
version = "0.1.0"
dependencies = [
 "break-eternity-rs",
]

[[package]]
name = "synergismforkd_common"
version = "0.1.0"

[[package]]
name = "synergismforkd_logic"
version = "0.1.0"
dependencies = [
 "synergismforkd_bignum",
 "synergismforkd_common",
]

[[package]]
name = "synergismforkd_modding"
version = "0.1.0"

[[package]]
name = "synergismforkd_netcode"
version = "0.1.0"

[[package]]
name = "synergismforkd_save"
version = "0.1.0"
dependencies = [
 "synergismforkd_common",
 "synergismforkd_logic",
]

[[package]]
name = "synergismforkd_testkit"
version = "0.1.0"
dependencies = [
 "synergismforkd_bignum",
 "synergismforkd_logic",
 "synergismforkd_save",
]

[[package]]
name = "synergismforkd_ui"
version = "0.1.0"
dependencies = [
 "synergismforkd_common",
 "synergismforkd_logic",
]

[[package]]
name = "synergismforkd_ui_desktop"
version = "0.1.0"
dependencies = [
 "synergismforkd_logic",
 "synergismforkd_save",
 "synergismforkd_ui",
]

[[package]]
name = "synergismforkd_ui_web"
version = "0.1.0"
dependencies = [
 "synergismforkd_ui",
]

[[package]]
name = "unicode-ident"
version = "1.0.24"
source = "registry+https://github.com/rust-lang/crates.io-index"
checksum = "e6e4313cd5fcd3dad5cafa179702e2b244f760991f45397d14d4ebf38247da75"

[[package]]
name = "unicode-width"
version = "0.1.14"
source = "registry+https://github.com/rust-lang/crates.io-index"
checksum = "7dd6e30e90baa6f72411720665d41d89b9a3d039dc45b8faea1ddd07f617f6af"
